{
  "name": "bdsx-bin",
  "version": "1.0.0",
  "lockfileVersion": 1,
  "requires": true,
  "dependencies": {
    "@mcbe/dummy-console": {
      "version": "1.0.5",
      "resolved": "https://registry.npmjs.org/@mcbe/dummy-console/-/dummy-console-1.0.5.tgz",
      "integrity": "sha512-nZHNEQRQR8rp7Tcr149inzsVeoIFJP66nR5S8Wvfy6Wz3GXn0SNJeSy9xjnHn79KjY0gkpbUb+eT3xXc51aTsg=="
    },
    "bdsx": {
      "version": "1.1.20",
      "resolved": "https://registry.npmjs.org/bdsx/-/bdsx-1.1.20.tgz",
      "integrity": "sha512-QFrPVtQvFgNmtT6MAfgmMPiV4Sd7A0UdVsb1jF9IWxKSp9nHxngwSuv2GWPyRSnoU7NC+av7bBQEz7Z2fFpKNQ==",
      "requires": {
        "@mcbe/dummy-console": "^1.0.5",
        "krevent": "^2.0.1"
      }
    },
    "krevent": {
      "version": "2.0.1",
      "resolved": "https://registry.npmjs.org/krevent/-/krevent-2.0.1.tgz",
      "integrity": "sha512-gvBzBDZUXcfPN/t5yPUO5eg08tMYJ945HJIYsJRf4xiTzq46/O51Fw0vMgLzayr1KN6s4wPO27nfyWI+tEMi/A==",
      "requires": {
        "@mcbe/dummy-console": "^1.0.3"
      }
    },
    "minecraft-scripting-types-server": {
      "version": "1.0.0",
      "resolved": "https://registry.npmjs.org/minecraft-scripting-types-server/-/minecraft-scripting-types-server-1.0.0.tgz",
      "integrity": "sha512-SpNcIDQaXX1PVBiyISYSe3ca+FEFNgA8Im6HNcJCW/0+HL2cNEUJ4LYShImrG7+hye3ISLXmQ9sH2a7Vu99/iA==",
      "dev": true,
      "requires": {
        "minecraft-scripting-types-shared": "^1.0.0"
      }
    },
    "minecraft-scripting-types-shared": {
      "version": "1.0.0",
      "resolved": "https://registry.npmjs.org/minecraft-scripting-types-shared/-/minecraft-scripting-types-shared-1.0.0.tgz",
      "integrity": "sha512-JUTAsE+tJsnAi7F+Et4tHUFb9Avj4UqzzbXBItpaVFXK2ZOMrc8HUG2FwEoBCk4POd3j5Qpjl7cqRTYjV+7Syg==",
      "dev": true
    },
    "typescript": {
      "version": "3.7.4",
      "resolved": "https://registry.npmjs.org/typescript/-/typescript-3.7.4.tgz",
      "integrity": "sha512-A25xv5XCtarLwXpcDNZzCGvW2D1S3/bACratYBx2sax8PefsFhlYmkQicKHvpYflFS8if4zne5zT5kpJ7pzuvw==",
      "dev": true
    }
  }
}
