{
  "name": "bdsx-bin",
  "version": "1.0.0",
  "lockfileVersion": 1,
  "requires": true,
  "dependencies": {
    "@mcbe/dummy-console": {
      "version": "1.0.4",
      "resolved": "https://registry.npmjs.org/@mcbe/dummy-console/-/dummy-console-1.0.4.tgz",
      "integrity": "sha512-KA7xQf51Eay/OIb4eVnhbslH2cRfrx1q/PzonkvUyXdVFhyx4mbq8hyqb6KUkDcMMpjTkHXTYh3yccxwx9IpVQ=="
    },
    "@types/node": {
      "version": "12.12.5",
      "resolved": "https://registry.npmjs.org/@types/node/-/node-12.12.5.tgz",
      "integrity": "sha512-KEjODidV4XYUlJBF3XdjSH5FWoMCtO0utnhtdLf1AgeuZLOrRbvmU/gaRCVg7ZaQDjVf3l84egiY0mRNe5xE4A==",
      "dev": true
    },
    "bdsx": {
      "version": "1.0.2",
      "resolved": "https://registry.npmjs.org/bdsx/-/bdsx-1.0.2.tgz",
      "integrity": "sha512-LLNlgotr6Dpx4Ni5wAiZs67ePHhCW1y81oy7jcWMiqt90Q6XSX355MXQQGi3rr5cJ0mbM28uloGvU9SH4Lg5Lg==",
      "requires": {
        "@mcbe/dummy-console": "^1.0.4"
      }
    },
    "typescript": {
      "version": "3.6.4",
      "resolved": "https://registry.npmjs.org/typescript/-/typescript-3.6.4.tgz",
      "integrity": "sha512-unoCll1+l+YK4i4F8f22TaNVPRHcD9PA3yCuZ8g5e0qGqlVlJ/8FSateOLLSagn+Yg5+ZwuPkL8LFUc0Jcvksg==",
      "dev": true
    }
  }
}
