Microsoft Visual Studio Solution File, Format Version 12.00
# Visual Studio Version 16
VisualStudioVersion = 16.0.28729.10
MinimumVisualStudioVersion = 10.0.40219.1
Project("{8BC9CEB8-8B4A-11D0-8D11-00A0C91BC942}") = "node-chakracore-vcbuild", "node-chakracore-vcbuild\node-chakracore-vcbuild.vcxproj", "{512AEF3B-7454-499F-B360-E9A6EB3D8849}"
EndProject
Project("{8BC9CEB8-8B4A-11D0-8D11-00A0C91BC942}") = "RakNet", "RakNetProject\LibStatic_vc9.vcxproj", "{6533BDAE-0F0C-45E4-8FE7-ADD0F37FE063}"
EndProject
Project("{2150E333-8FDC-42A3-9474-1A3956D46DE8}") = "Solution Items", "Solution Items", "{6EAAC25C-870D-46AD-B6CD-FCC6AED10026}"
	ProjectSection(SolutionItems) = preProject
		README.md = README.md
	EndProjectSection
EndProject
Project("{8BC9CEB8-8B4A-11D0-8D11-00A0C91BC942}") = "bdsx", "bdsx\bdsx.vcxproj", "{31964E2C-9E3D-4C98-A17B-589E322AA174}"
EndProject
Project("{8BC9CEB8-8B4A-11D0-8D11-00A0C91BC942}") = "INSTALL", "INSTALL\INSTALL.vcxproj", "{8A86BAC7-1224-4273-B537-DBE065FCAC4D}"
EndProject
Project("{2150E333-8FDC-42A3-9474-1A3956D46DE8}") = "KEN", "KEN", "{723F917F-0072-4B76-ABB1-3336381F001A}"
EndProject
Project("{8BC9CEB8-8B4A-11D0-8D11-00A0C91BC942}") = "KR3", "..\ken\KR3\KR3.vcxproj", "{F5212E7B-4791-4488-A23A-57AF3023E7D3}"
EndProject
Project("{8BC9CEB8-8B4A-11D0-8D11-00A0C91BC942}") = "KRMySQL", "..\ken\KRMySQL\KRMySQL.vcxproj", "{E25F0C5A-72CE-481E-8F08-C36AC5AD9666}"
EndProject
Project("{8BC9CEB8-8B4A-11D0-8D11-00A0C91BC942}") = "KRWin", "..\ken\KRWin\KRWin.vcxproj", "{432CC3C8-34B1-405D-9675-36FDF25289C7}"
EndProject
Project("{8BC9CEB8-8B4A-11D0-8D11-00A0C91BC942}") = "K2D", "..\ken\K2D\K2D.vcxproj", "{CC68C111-CA4B-42F6-B2A1-956420CE5D0F}"
EndProject
Project("{8BC9CEB8-8B4A-11D0-8D11-00A0C91BC942}") = "KRNew", "..\ken\KRNew\KRNew.vcxproj", "{7102424C-18EC-4918-B6E1-1D58D1185387}"
EndProject
Project("{2150E333-8FDC-42A3-9474-1A3956D46DE8}") = "Tool", "Tool", "{812683F9-452D-4EC6-B881-5A4D5F76457C}"
EndProject
Project("{8BC9CEB8-8B4A-11D0-8D11-00A0C91BC942}") = "KRGame", "..\ken\KRGame\KRGame.vcxproj", "{7D217B01-1887-4BF5-AE67-C4CADD37F30E}"
EndProject
Project("{8BC9CEB8-8B4A-11D0-8D11-00A0C91BC942}") = "empolyfill", "..\ken\empolyfill\empolyfill.vcxproj", "{C41350BC-2FC5-4346-8ADE-328E13CFC60D}"
EndProject
Project("{8BC9CEB8-8B4A-11D0-8D11-00A0C91BC942}") = "KRApp", "..\ken\KRApp\KRApp.vcxproj", "{DE83E736-47AC-475F-9DB8-8DDF22B70BF5}"
EndProject
Project("{8BC9CEB8-8B4A-11D0-8D11-00A0C91BC942}") = "KRSound", "..\ken\KRSound\KRSound.vcxproj", "{179C15FF-42C0-4D89-B1C9-3F47CF571D6B}"
EndProject
Project("{8BC9CEB8-8B4A-11D0-8D11-00A0C91BC942}") = "COPY_DLL", "..\ken\KRTool\COPY_DLL\COPY_DLL.vcxproj", "{F476FE60-4037-4045-8495-D744E325192A}"
EndProject
Global
	GlobalSection(SolutionConfigurationPlatforms) = preSolution
		Debug|Emscripten = Debug|Emscripten
		Debug|x64 = Debug|x64
		Debug|x86 = Debug|x86
		DebugStatic|Emscripten = DebugStatic|Emscripten
		DebugStatic|x64 = DebugStatic|x64
		DebugStatic|x86 = DebugStatic|x86
		Release|Emscripten = Release|Emscripten
		Release|x64 = Release|x64
		Release|x86 = Release|x86
		ReleaseStatic|Emscripten = ReleaseStatic|Emscripten
		ReleaseStatic|x64 = ReleaseStatic|x64
		ReleaseStatic|x86 = ReleaseStatic|x86
		ReleaseTest|Emscripten = ReleaseTest|Emscripten
		ReleaseTest|x64 = ReleaseTest|x64
		ReleaseTest|x86 = ReleaseTest|x86
	EndGlobalSection
	GlobalSection(ProjectConfigurationPlatforms) = postSolution
		{512AEF3B-7454-499F-B360-E9A6EB3D8849}.Debug|Emscripten.ActiveCfg = Debug|x64
		{512AEF3B-7454-499F-B360-E9A6EB3D8849}.Debug|x64.ActiveCfg = Debug|x64
		{512AEF3B-7454-499F-B360-E9A6EB3D8849}.Debug|x64.Build.0 = Debug|x64
		{512AEF3B-7454-499F-B360-E9A6EB3D8849}.Debug|x86.ActiveCfg = Debug|x64
		{512AEF3B-7454-499F-B360-E9A6EB3D8849}.DebugStatic|Emscripten.ActiveCfg = Release|x64
		{512AEF3B-7454-499F-B360-E9A6EB3D8849}.DebugStatic|Emscripten.Build.0 = Release|x64
		{512AEF3B-7454-499F-B360-E9A6EB3D8849}.DebugStatic|x64.ActiveCfg = Debug|x64
		{512AEF3B-7454-499F-B360-E9A6EB3D8849}.DebugStatic|x64.Build.0 = Debug|x64
		{512AEF3B-7454-499F-B360-E9A6EB3D8849}.DebugStatic|x86.ActiveCfg = Release|x64
		{512AEF3B-7454-499F-B360-E9A6EB3D8849}.DebugStatic|x86.Build.0 = Release|x64
		{512AEF3B-7454-499F-B360-E9A6EB3D8849}.Release|Emscripten.ActiveCfg = Release|x64
		{512AEF3B-7454-499F-B360-E9A6EB3D8849}.Release|x64.ActiveCfg = Release|x64
		{512AEF3B-7454-499F-B360-E9A6EB3D8849}.Release|x64.Build.0 = Release|x64
		{512AEF3B-7454-499F-B360-E9A6EB3D8849}.Release|x86.ActiveCfg = Release|x64
		{512AEF3B-7454-499F-B360-E9A6EB3D8849}.ReleaseStatic|Emscripten.ActiveCfg = Release|x64
		{512AEF3B-7454-499F-B360-E9A6EB3D8849}.ReleaseStatic|Emscripten.Build.0 = Release|x64
		{512AEF3B-7454-499F-B360-E9A6EB3D8849}.ReleaseStatic|x64.ActiveCfg = Release|x64
		{512AEF3B-7454-499F-B360-E9A6EB3D8849}.ReleaseStatic|x64.Build.0 = Release|x64
		{512AEF3B-7454-499F-B360-E9A6EB3D8849}.ReleaseStatic|x86.ActiveCfg = Release|x64
		{512AEF3B-7454-499F-B360-E9A6EB3D8849}.ReleaseStatic|x86.Build.0 = Release|x64
		{512AEF3B-7454-499F-B360-E9A6EB3D8849}.ReleaseTest|Emscripten.ActiveCfg = Release|x64
		{512AEF3B-7454-499F-B360-E9A6EB3D8849}.ReleaseTest|Emscripten.Build.0 = Release|x64
		{512AEF3B-7454-499F-B360-E9A6EB3D8849}.ReleaseTest|x64.ActiveCfg = Release|x64
		{512AEF3B-7454-499F-B360-E9A6EB3D8849}.ReleaseTest|x64.Build.0 = Release|x64
		{512AEF3B-7454-499F-B360-E9A6EB3D8849}.ReleaseTest|x86.ActiveCfg = Release|x64
		{512AEF3B-7454-499F-B360-E9A6EB3D8849}.ReleaseTest|x86.Build.0 = Release|x64
		{6533BDAE-0F0C-45E4-8FE7-ADD0F37FE063}.Debug|Emscripten.ActiveCfg = Debug|Win32
		{6533BDAE-0F0C-45E4-8FE7-ADD0F37FE063}.Debug|x64.ActiveCfg = Debug|x64
		{6533BDAE-0F0C-45E4-8FE7-ADD0F37FE063}.Debug|x64.Build.0 = Debug|x64
		{6533BDAE-0F0C-45E4-8FE7-ADD0F37FE063}.Debug|x86.ActiveCfg = Debug|Win32
		{6533BDAE-0F0C-45E4-8FE7-ADD0F37FE063}.Debug|x86.Build.0 = Debug|Win32
		{6533BDAE-0F0C-45E4-8FE7-ADD0F37FE063}.DebugStatic|Emscripten.ActiveCfg = Release|Win32
		{6533BDAE-0F0C-45E4-8FE7-ADD0F37FE063}.DebugStatic|Emscripten.Build.0 = Release|Win32
		{6533BDAE-0F0C-45E4-8FE7-ADD0F37FE063}.DebugStatic|x64.ActiveCfg = Debug|x64
		{6533BDAE-0F0C-45E4-8FE7-ADD0F37FE063}.DebugStatic|x64.Build.0 = Debug|x64
		{6533BDAE-0F0C-45E4-8FE7-ADD0F37FE063}.DebugStatic|x86.ActiveCfg = Debug|Win32
		{6533BDAE-0F0C-45E4-8FE7-ADD0F37FE063}.DebugStatic|x86.Build.0 = Debug|Win32
		{6533BDAE-0F0C-45E4-8FE7-ADD0F37FE063}.Release|Emscripten.ActiveCfg = Release|Win32
		{6533BDAE-0F0C-45E4-8FE7-ADD0F37FE063}.Release|x64.ActiveCfg = Release|x64
		{6533BDAE-0F0C-45E4-8FE7-ADD0F37FE063}.Release|x64.Build.0 = Release|x64
		{6533BDAE-0F0C-45E4-8FE7-ADD0F37FE063}.Release|x86.ActiveCfg = Release|Win32
		{6533BDAE-0F0C-45E4-8FE7-ADD0F37FE063}.Release|x86.Build.0 = Release|Win32
		{6533BDAE-0F0C-45E4-8FE7-ADD0F37FE063}.ReleaseStatic|Emscripten.ActiveCfg = Release|Win32
		{6533BDAE-0F0C-45E4-8FE7-ADD0F37FE063}.ReleaseStatic|Emscripten.Build.0 = Release|Win32
		{6533BDAE-0F0C-45E4-8FE7-ADD0F37FE063}.ReleaseStatic|x64.ActiveCfg = ReleaseTest|x64
		{6533BDAE-0F0C-45E4-8FE7-ADD0F37FE063}.ReleaseStatic|x64.Build.0 = ReleaseTest|x64
		{6533BDAE-0F0C-45E4-8FE7-ADD0F37FE063}.ReleaseStatic|x86.ActiveCfg = Release|Win32
		{6533BDAE-0F0C-45E4-8FE7-ADD0F37FE063}.ReleaseStatic|x86.Build.0 = Release|Win32
		{6533BDAE-0F0C-45E4-8FE7-ADD0F37FE063}.ReleaseTest|Emscripten.ActiveCfg = ReleaseTest|Win32
		{6533BDAE-0F0C-45E4-8FE7-ADD0F37FE063}.ReleaseTest|x64.ActiveCfg = ReleaseTest|x64
		{6533BDAE-0F0C-45E4-8FE7-ADD0F37FE063}.ReleaseTest|x64.Build.0 = ReleaseTest|x64
		{6533BDAE-0F0C-45E4-8FE7-ADD0F37FE063}.ReleaseTest|x86.ActiveCfg = ReleaseTest|Win32
		{6533BDAE-0F0C-45E4-8FE7-ADD0F37FE063}.ReleaseTest|x86.Build.0 = ReleaseTest|Win32
		{31964E2C-9E3D-4C98-A17B-589E322AA174}.Debug|Emscripten.ActiveCfg = Debug|x64
		{31964E2C-9E3D-4C98-A17B-589E322AA174}.Debug|x64.ActiveCfg = Debug|x64
		{31964E2C-9E3D-4C98-A17B-589E322AA174}.Debug|x64.Build.0 = Debug|x64
		{31964E2C-9E3D-4C98-A17B-589E322AA174}.Debug|x86.ActiveCfg = Debug|x64
		{31964E2C-9E3D-4C98-A17B-589E322AA174}.DebugStatic|Emscripten.ActiveCfg = ReleaseTest|x64
		{31964E2C-9E3D-4C98-A17B-589E322AA174}.DebugStatic|Emscripten.Build.0 = ReleaseTest|x64
		{31964E2C-9E3D-4C98-A17B-589E322AA174}.DebugStatic|x64.ActiveCfg = Debug|x64
		{31964E2C-9E3D-4C98-A17B-589E322AA174}.DebugStatic|x64.Build.0 = Debug|x64
		{31964E2C-9E3D-4C98-A17B-589E322AA174}.DebugStatic|x86.ActiveCfg = ReleaseTest|x64
		{31964E2C-9E3D-4C98-A17B-589E322AA174}.DebugStatic|x86.Build.0 = ReleaseTest|x64
		{31964E2C-9E3D-4C98-A17B-589E322AA174}.Release|Emscripten.ActiveCfg = Release|x64
		{31964E2C-9E3D-4C98-A17B-589E322AA174}.Release|x64.ActiveCfg = Release|x64
		{31964E2C-9E3D-4C98-A17B-589E322AA174}.Release|x64.Build.0 = Release|x64
		{31964E2C-9E3D-4C98-A17B-589E322AA174}.Release|x86.ActiveCfg = Release|x64
		{31964E2C-9E3D-4C98-A17B-589E322AA174}.ReleaseStatic|Emscripten.ActiveCfg = ReleaseTest|x64
		{31964E2C-9E3D-4C98-A17B-589E322AA174}.ReleaseStatic|Emscripten.Build.0 = ReleaseTest|x64
		{31964E2C-9E3D-4C98-A17B-589E322AA174}.ReleaseStatic|x64.ActiveCfg = ReleaseTest|x64
		{31964E2C-9E3D-4C98-A17B-589E322AA174}.ReleaseStatic|x64.Build.0 = ReleaseTest|x64
		{31964E2C-9E3D-4C98-A17B-589E322AA174}.ReleaseStatic|x86.ActiveCfg = ReleaseTest|x64
		{31964E2C-9E3D-4C98-A17B-589E322AA174}.ReleaseStatic|x86.Build.0 = ReleaseTest|x64
		{31964E2C-9E3D-4C98-A17B-589E322AA174}.ReleaseTest|Emscripten.ActiveCfg = ReleaseTest|x64
		{31964E2C-9E3D-4C98-A17B-589E322AA174}.ReleaseTest|x64.ActiveCfg = ReleaseTest|x64
		{31964E2C-9E3D-4C98-A17B-589E322AA174}.ReleaseTest|x64.Build.0 = ReleaseTest|x64
		{31964E2C-9E3D-4C98-A17B-589E322AA174}.ReleaseTest|x86.ActiveCfg = ReleaseTest|x64
		{8A86BAC7-1224-4273-B537-DBE065FCAC4D}.Debug|Emscripten.ActiveCfg = Debug|x64
		{8A86BAC7-1224-4273-B537-DBE065FCAC4D}.Debug|x64.ActiveCfg = Debug|x64
		{8A86BAC7-1224-4273-B537-DBE065FCAC4D}.Debug|x64.Build.0 = Debug|x64
		{8A86BAC7-1224-4273-B537-DBE065FCAC4D}.Debug|x86.ActiveCfg = Debug|x64
		{8A86BAC7-1224-4273-B537-DBE065FCAC4D}.DebugStatic|Emscripten.ActiveCfg = Release|x64
		{8A86BAC7-1224-4273-B537-DBE065FCAC4D}.DebugStatic|Emscripten.Build.0 = Release|x64
		{8A86BAC7-1224-4273-B537-DBE065FCAC4D}.DebugStatic|x64.ActiveCfg = Debug|x64
		{8A86BAC7-1224-4273-B537-DBE065FCAC4D}.DebugStatic|x64.Build.0 = Debug|x64
		{8A86BAC7-1224-4273-B537-DBE065FCAC4D}.DebugStatic|x86.ActiveCfg = Release|x64
		{8A86BAC7-1224-4273-B537-DBE065FCAC4D}.DebugStatic|x86.Build.0 = Release|x64
		{8A86BAC7-1224-4273-B537-DBE065FCAC4D}.Release|Emscripten.ActiveCfg = Release|x64
		{8A86BAC7-1224-4273-B537-DBE065FCAC4D}.Release|x64.ActiveCfg = Release|x64
		{8A86BAC7-1224-4273-B537-DBE065FCAC4D}.Release|x64.Build.0 = Release|x64
		{8A86BAC7-1224-4273-B537-DBE065FCAC4D}.Release|x86.ActiveCfg = Release|x64
		{8A86BAC7-1224-4273-B537-DBE065FCAC4D}.ReleaseStatic|Emscripten.ActiveCfg = Release|x64
		{8A86BAC7-1224-4273-B537-DBE065FCAC4D}.ReleaseStatic|Emscripten.Build.0 = Release|x64
		{8A86BAC7-1224-4273-B537-DBE065FCAC4D}.ReleaseStatic|x64.ActiveCfg = Release|x64
		{8A86BAC7-1224-4273-B537-DBE065FCAC4D}.ReleaseStatic|x64.Build.0 = Release|x64
		{8A86BAC7-1224-4273-B537-DBE065FCAC4D}.ReleaseStatic|x86.ActiveCfg = Release|x64
		{8A86BAC7-1224-4273-B537-DBE065FCAC4D}.ReleaseStatic|x86.Build.0 = Release|x64
		{8A86BAC7-1224-4273-B537-DBE065FCAC4D}.ReleaseTest|Emscripten.ActiveCfg = Release|x64
		{8A86BAC7-1224-4273-B537-DBE065FCAC4D}.ReleaseTest|Emscripten.Build.0 = Release|x64
		{8A86BAC7-1224-4273-B537-DBE065FCAC4D}.ReleaseTest|x64.ActiveCfg = Release|x64
		{8A86BAC7-1224-4273-B537-DBE065FCAC4D}.ReleaseTest|x64.Build.0 = Release|x64
		{8A86BAC7-1224-4273-B537-DBE065FCAC4D}.ReleaseTest|x86.ActiveCfg = Release|x64
		{8A86BAC7-1224-4273-B537-DBE065FCAC4D}.ReleaseTest|x86.Build.0 = Release|x64
		{F5212E7B-4791-4488-A23A-57AF3023E7D3}.Debug|Emscripten.ActiveCfg = Debug|Emscripten
		{F5212E7B-4791-4488-A23A-57AF3023E7D3}.Debug|Emscripten.Build.0 = Debug|Emscripten
		{F5212E7B-4791-4488-A23A-57AF3023E7D3}.Debug|x64.ActiveCfg = Debug|x64
		{F5212E7B-4791-4488-A23A-57AF3023E7D3}.Debug|x64.Build.0 = Debug|x64
		{F5212E7B-4791-4488-A23A-57AF3023E7D3}.Debug|x86.ActiveCfg = Debug|Win32
		{F5212E7B-4791-4488-A23A-57AF3023E7D3}.Debug|x86.Build.0 = Debug|Win32
		{F5212E7B-4791-4488-A23A-57AF3023E7D3}.DebugStatic|Emscripten.ActiveCfg = DebugStatic|Emscripten
		{F5212E7B-4791-4488-A23A-57AF3023E7D3}.DebugStatic|Emscripten.Build.0 = DebugStatic|Emscripten
		{F5212E7B-4791-4488-A23A-57AF3023E7D3}.DebugStatic|x64.ActiveCfg = DebugStatic|x64
		{F5212E7B-4791-4488-A23A-57AF3023E7D3}.DebugStatic|x64.Build.0 = DebugStatic|x64
		{F5212E7B-4791-4488-A23A-57AF3023E7D3}.DebugStatic|x86.ActiveCfg = DebugStatic|Win32
		{F5212E7B-4791-4488-A23A-57AF3023E7D3}.DebugStatic|x86.Build.0 = DebugStatic|Win32
		{F5212E7B-4791-4488-A23A-57AF3023E7D3}.Release|Emscripten.ActiveCfg = Release|Emscripten
		{F5212E7B-4791-4488-A23A-57AF3023E7D3}.Release|Emscripten.Build.0 = Release|Emscripten
		{F5212E7B-4791-4488-A23A-57AF3023E7D3}.Release|x64.ActiveCfg = Release|x64
		{F5212E7B-4791-4488-A23A-57AF3023E7D3}.Release|x64.Build.0 = Release|x64
		{F5212E7B-4791-4488-A23A-57AF3023E7D3}.Release|x86.ActiveCfg = Release|Win32
		{F5212E7B-4791-4488-A23A-57AF3023E7D3}.Release|x86.Build.0 = Release|Win32
		{F5212E7B-4791-4488-A23A-57AF3023E7D3}.ReleaseStatic|Emscripten.ActiveCfg = ReleaseStatic|Emscripten
		{F5212E7B-4791-4488-A23A-57AF3023E7D3}.ReleaseStatic|Emscripten.Build.0 = ReleaseStatic|Emscripten
		{F5212E7B-4791-4488-A23A-57AF3023E7D3}.ReleaseStatic|x64.ActiveCfg = ReleaseStatic|x64
		{F5212E7B-4791-4488-A23A-57AF3023E7D3}.ReleaseStatic|x64.Build.0 = ReleaseStatic|x64
		{F5212E7B-4791-4488-A23A-57AF3023E7D3}.ReleaseStatic|x86.ActiveCfg = ReleaseStatic|Win32
		{F5212E7B-4791-4488-A23A-57AF3023E7D3}.ReleaseStatic|x86.Build.0 = ReleaseStatic|Win32
		{F5212E7B-4791-4488-A23A-57AF3023E7D3}.ReleaseTest|Emscripten.ActiveCfg = ReleaseTest|Emscripten
		{F5212E7B-4791-4488-A23A-57AF3023E7D3}.ReleaseTest|Emscripten.Build.0 = ReleaseTest|Emscripten
		{F5212E7B-4791-4488-A23A-57AF3023E7D3}.ReleaseTest|x64.ActiveCfg = ReleaseTest|x64
		{F5212E7B-4791-4488-A23A-57AF3023E7D3}.ReleaseTest|x64.Build.0 = ReleaseTest|x64
		{F5212E7B-4791-4488-A23A-57AF3023E7D3}.ReleaseTest|x86.ActiveCfg = ReleaseTest|Win32
		{F5212E7B-4791-4488-A23A-57AF3023E7D3}.ReleaseTest|x86.Build.0 = ReleaseTest|Win32
		{E25F0C5A-72CE-481E-8F08-C36AC5AD9666}.Debug|Emscripten.ActiveCfg = Debug|Win32
		{E25F0C5A-72CE-481E-8F08-C36AC5AD9666}.Debug|x64.ActiveCfg = Debug|x64
		{E25F0C5A-72CE-481E-8F08-C36AC5AD9666}.Debug|x64.Build.0 = Debug|x64
		{E25F0C5A-72CE-481E-8F08-C36AC5AD9666}.Debug|x86.ActiveCfg = Debug|Win32
		{E25F0C5A-72CE-481E-8F08-C36AC5AD9666}.Debug|x86.Build.0 = Debug|Win32
		{E25F0C5A-72CE-481E-8F08-C36AC5AD9666}.DebugStatic|Emscripten.ActiveCfg = DebugStatic|Win32
		{E25F0C5A-72CE-481E-8F08-C36AC5AD9666}.DebugStatic|x64.ActiveCfg = DebugStatic|x64
		{E25F0C5A-72CE-481E-8F08-C36AC5AD9666}.DebugStatic|x64.Build.0 = DebugStatic|x64
		{E25F0C5A-72CE-481E-8F08-C36AC5AD9666}.DebugStatic|x86.ActiveCfg = DebugStatic|Win32
		{E25F0C5A-72CE-481E-8F08-C36AC5AD9666}.DebugStatic|x86.Build.0 = DebugStatic|Win32
		{E25F0C5A-72CE-481E-8F08-C36AC5AD9666}.Release|Emscripten.ActiveCfg = Release|Win32
		{E25F0C5A-72CE-481E-8F08-C36AC5AD9666}.Release|x64.ActiveCfg = Release|x64
		{E25F0C5A-72CE-481E-8F08-C36AC5AD9666}.Release|x64.Build.0 = Release|x64
		{E25F0C5A-72CE-481E-8F08-C36AC5AD9666}.Release|x86.ActiveCfg = Release|Win32
		{E25F0C5A-72CE-481E-8F08-C36AC5AD9666}.Release|x86.Build.0 = Release|Win32
		{E25F0C5A-72CE-481E-8F08-C36AC5AD9666}.ReleaseStatic|Emscripten.ActiveCfg = ReleaseStatic|Win32
		{E25F0C5A-72CE-481E-8F08-C36AC5AD9666}.ReleaseStatic|x64.ActiveCfg = ReleaseStatic|x64
		{E25F0C5A-72CE-481E-8F08-C36AC5AD9666}.ReleaseStatic|x64.Build.0 = ReleaseStatic|x64
		{E25F0C5A-72CE-481E-8F08-C36AC5AD9666}.ReleaseStatic|x86.ActiveCfg = ReleaseStatic|Win32
		{E25F0C5A-72CE-481E-8F08-C36AC5AD9666}.ReleaseStatic|x86.Build.0 = ReleaseStatic|Win32
		{E25F0C5A-72CE-481E-8F08-C36AC5AD9666}.ReleaseTest|Emscripten.ActiveCfg = ReleaseTest|Win32
		{E25F0C5A-72CE-481E-8F08-C36AC5AD9666}.ReleaseTest|x64.ActiveCfg = ReleaseTest|x64
		{E25F0C5A-72CE-481E-8F08-C36AC5AD9666}.ReleaseTest|x64.Build.0 = ReleaseTest|x64
		{E25F0C5A-72CE-481E-8F08-C36AC5AD9666}.ReleaseTest|x86.ActiveCfg = ReleaseTest|Win32
		{E25F0C5A-72CE-481E-8F08-C36AC5AD9666}.ReleaseTest|x86.Build.0 = ReleaseTest|Win32
		{432CC3C8-34B1-405D-9675-36FDF25289C7}.Debug|Emscripten.ActiveCfg = Debug|Win32
		{432CC3C8-34B1-405D-9675-36FDF25289C7}.Debug|x64.ActiveCfg = Debug|x64
		{432CC3C8-34B1-405D-9675-36FDF25289C7}.Debug|x64.Build.0 = Debug|x64
		{432CC3C8-34B1-405D-9675-36FDF25289C7}.Debug|x86.ActiveCfg = Debug|Win32
		{432CC3C8-34B1-405D-9675-36FDF25289C7}.Debug|x86.Build.0 = Debug|Win32
		{432CC3C8-34B1-405D-9675-36FDF25289C7}.DebugStatic|Emscripten.ActiveCfg = DebugStatic|Win32
		{432CC3C8-34B1-405D-9675-36FDF25289C7}.DebugStatic|x64.ActiveCfg = DebugStatic|x64
		{432CC3C8-34B1-405D-9675-36FDF25289C7}.DebugStatic|x64.Build.0 = DebugStatic|x64
		{432CC3C8-34B1-405D-9675-36FDF25289C7}.DebugStatic|x86.ActiveCfg = DebugStatic|Win32
		{432CC3C8-34B1-405D-9675-36FDF25289C7}.DebugStatic|x86.Build.0 = DebugStatic|Win32
		{432CC3C8-34B1-405D-9675-36FDF25289C7}.Release|Emscripten.ActiveCfg = Release|Win32
		{432CC3C8-34B1-405D-9675-36FDF25289C7}.Release|x64.ActiveCfg = Release|x64
		{432CC3C8-34B1-405D-9675-36FDF25289C7}.Release|x64.Build.0 = Release|x64
		{432CC3C8-34B1-405D-9675-36FDF25289C7}.Release|x86.ActiveCfg = Release|Win32
		{432CC3C8-34B1-405D-9675-36FDF25289C7}.Release|x86.Build.0 = Release|Win32
		{432CC3C8-34B1-405D-9675-36FDF25289C7}.ReleaseStatic|Emscripten.ActiveCfg = ReleaseStatic|Win32
		{432CC3C8-34B1-405D-9675-36FDF25289C7}.ReleaseStatic|x64.ActiveCfg = ReleaseStatic|x64
		{432CC3C8-34B1-405D-9675-36FDF25289C7}.ReleaseStatic|x64.Build.0 = ReleaseStatic|x64
		{432CC3C8-34B1-405D-9675-36FDF25289C7}.ReleaseStatic|x86.ActiveCfg = ReleaseStatic|Win32
		{432CC3C8-34B1-405D-9675-36FDF25289C7}.ReleaseStatic|x86.Build.0 = ReleaseStatic|Win32
		{432CC3C8-34B1-405D-9675-36FDF25289C7}.ReleaseTest|Emscripten.ActiveCfg = ReleaseTest|Win32
		{432CC3C8-34B1-405D-9675-36FDF25289C7}.ReleaseTest|x64.ActiveCfg = ReleaseTest|x64
		{432CC3C8-34B1-405D-9675-36FDF25289C7}.ReleaseTest|x64.Build.0 = ReleaseTest|x64
		{432CC3C8-34B1-405D-9675-36FDF25289C7}.ReleaseTest|x86.ActiveCfg = ReleaseTest|Win32
		{432CC3C8-34B1-405D-9675-36FDF25289C7}.ReleaseTest|x86.Build.0 = ReleaseTest|Win32
		{CC68C111-CA4B-42F6-B2A1-956420CE5D0F}.Debug|Emscripten.ActiveCfg = Debug|Win32
		{CC68C111-CA4B-42F6-B2A1-956420CE5D0F}.Debug|Emscripten.Build.0 = Debug|Win32
		{CC68C111-CA4B-42F6-B2A1-956420CE5D0F}.Debug|x64.ActiveCfg = Debug|x64
		{CC68C111-CA4B-42F6-B2A1-956420CE5D0F}.Debug|x64.Build.0 = Debug|x64
		{CC68C111-CA4B-42F6-B2A1-956420CE5D0F}.Debug|x86.ActiveCfg = Debug|Win32
		{CC68C111-CA4B-42F6-B2A1-956420CE5D0F}.Debug|x86.Build.0 = Debug|Win32
		{CC68C111-CA4B-42F6-B2A1-956420CE5D0F}.DebugStatic|Emscripten.ActiveCfg = DebugStatic|Emscripten
		{CC68C111-CA4B-42F6-B2A1-956420CE5D0F}.DebugStatic|Emscripten.Build.0 = DebugStatic|Emscripten
		{CC68C111-CA4B-42F6-B2A1-956420CE5D0F}.DebugStatic|x64.ActiveCfg = DebugStatic|x64
		{CC68C111-CA4B-42F6-B2A1-956420CE5D0F}.DebugStatic|x64.Build.0 = DebugStatic|x64
		{CC68C111-CA4B-42F6-B2A1-956420CE5D0F}.DebugStatic|x86.ActiveCfg = DebugStatic|Win32
		{CC68C111-CA4B-42F6-B2A1-956420CE5D0F}.DebugStatic|x86.Build.0 = DebugStatic|Win32
		{CC68C111-CA4B-42F6-B2A1-956420CE5D0F}.Release|Emscripten.ActiveCfg = Release|Win32
		{CC68C111-CA4B-42F6-B2A1-956420CE5D0F}.Release|Emscripten.Build.0 = Release|Win32
		{CC68C111-CA4B-42F6-B2A1-956420CE5D0F}.Release|x64.ActiveCfg = Release|x64
		{CC68C111-CA4B-42F6-B2A1-956420CE5D0F}.Release|x64.Build.0 = Release|x64
		{CC68C111-CA4B-42F6-B2A1-956420CE5D0F}.Release|x86.ActiveCfg = Release|Win32
		{CC68C111-CA4B-42F6-B2A1-956420CE5D0F}.Release|x86.Build.0 = Release|Win32
		{CC68C111-CA4B-42F6-B2A1-956420CE5D0F}.ReleaseStatic|Emscripten.ActiveCfg = ReleaseStatic|Emscripten
		{CC68C111-CA4B-42F6-B2A1-956420CE5D0F}.ReleaseStatic|Emscripten.Build.0 = ReleaseStatic|Emscripten
		{CC68C111-CA4B-42F6-B2A1-956420CE5D0F}.ReleaseStatic|x64.ActiveCfg = ReleaseStatic|x64
		{CC68C111-CA4B-42F6-B2A1-956420CE5D0F}.ReleaseStatic|x64.Build.0 = ReleaseStatic|x64
		{CC68C111-CA4B-42F6-B2A1-956420CE5D0F}.ReleaseStatic|x86.ActiveCfg = ReleaseStatic|Win32
		{CC68C111-CA4B-42F6-B2A1-956420CE5D0F}.ReleaseStatic|x86.Build.0 = ReleaseStatic|Win32
		{CC68C111-CA4B-42F6-B2A1-956420CE5D0F}.ReleaseTest|Emscripten.ActiveCfg = ReleaseTest|Emscripten
		{CC68C111-CA4B-42F6-B2A1-956420CE5D0F}.ReleaseTest|Emscripten.Build.0 = ReleaseTest|Emscripten
		{CC68C111-CA4B-42F6-B2A1-956420CE5D0F}.ReleaseTest|x64.ActiveCfg = ReleaseTest|x64
		{CC68C111-CA4B-42F6-B2A1-956420CE5D0F}.ReleaseTest|x64.Build.0 = ReleaseTest|x64
		{CC68C111-CA4B-42F6-B2A1-956420CE5D0F}.ReleaseTest|x86.ActiveCfg = ReleaseTest|Win32
		{CC68C111-CA4B-42F6-B2A1-956420CE5D0F}.ReleaseTest|x86.Build.0 = ReleaseTest|Win32
		{7102424C-18EC-4918-B6E1-1D58D1185387}.Debug|Emscripten.ActiveCfg = Debug|Emscripten
		{7102424C-18EC-4918-B6E1-1D58D1185387}.Debug|Emscripten.Build.0 = Debug|Emscripten
		{7102424C-18EC-4918-B6E1-1D58D1185387}.Debug|x64.ActiveCfg = Debug|x64
		{7102424C-18EC-4918-B6E1-1D58D1185387}.Debug|x64.Build.0 = Debug|x64
		{7102424C-18EC-4918-B6E1-1D58D1185387}.Debug|x86.ActiveCfg = Debug|Win32
		{7102424C-18EC-4918-B6E1-1D58D1185387}.Debug|x86.Build.0 = Debug|Win32
		{7102424C-18EC-4918-B6E1-1D58D1185387}.DebugStatic|Emscripten.ActiveCfg = DebugStatic|Emscripten
		{7102424C-18EC-4918-B6E1-1D58D1185387}.DebugStatic|Emscripten.Build.0 = DebugStatic|Emscripten
		{7102424C-18EC-4918-B6E1-1D58D1185387}.DebugStatic|x64.ActiveCfg = DebugStatic|x64
		{7102424C-18EC-4918-B6E1-1D58D1185387}.DebugStatic|x64.Build.0 = DebugStatic|x64
		{7102424C-18EC-4918-B6E1-1D58D1185387}.DebugStatic|x86.ActiveCfg = DebugStatic|Win32
		{7102424C-18EC-4918-B6E1-1D58D1185387}.DebugStatic|x86.Build.0 = DebugStatic|Win32
		{7102424C-18EC-4918-B6E1-1D58D1185387}.Release|Emscripten.ActiveCfg = Release|Emscripten
		{7102424C-18EC-4918-B6E1-1D58D1185387}.Release|Emscripten.Build.0 = Release|Emscripten
		{7102424C-18EC-4918-B6E1-1D58D1185387}.Release|x64.ActiveCfg = Release|x64
		{7102424C-18EC-4918-B6E1-1D58D1185387}.Release|x64.Build.0 = Release|x64
		{7102424C-18EC-4918-B6E1-1D58D1185387}.Release|x86.ActiveCfg = Release|Win32
		{7102424C-18EC-4918-B6E1-1D58D1185387}.Release|x86.Build.0 = Release|Win32
		{7102424C-18EC-4918-B6E1-1D58D1185387}.ReleaseStatic|Emscripten.ActiveCfg = ReleaseStatic|Emscripten
		{7102424C-18EC-4918-B6E1-1D58D1185387}.ReleaseStatic|Emscripten.Build.0 = ReleaseStatic|Emscripten
		{7102424C-18EC-4918-B6E1-1D58D1185387}.ReleaseStatic|x64.ActiveCfg = ReleaseStatic|x64
		{7102424C-18EC-4918-B6E1-1D58D1185387}.ReleaseStatic|x64.Build.0 = ReleaseStatic|x64
		{7102424C-18EC-4918-B6E1-1D58D1185387}.ReleaseStatic|x86.ActiveCfg = ReleaseStatic|Win32
		{7102424C-18EC-4918-B6E1-1D58D1185387}.ReleaseStatic|x86.Build.0 = ReleaseStatic|Win32
		{7102424C-18EC-4918-B6E1-1D58D1185387}.ReleaseTest|Emscripten.ActiveCfg = ReleaseTest|Emscripten
		{7102424C-18EC-4918-B6E1-1D58D1185387}.ReleaseTest|Emscripten.Build.0 = ReleaseTest|Emscripten
		{7102424C-18EC-4918-B6E1-1D58D1185387}.ReleaseTest|x64.ActiveCfg = ReleaseTest|x64
		{7102424C-18EC-4918-B6E1-1D58D1185387}.ReleaseTest|x64.Build.0 = ReleaseTest|x64
		{7102424C-18EC-4918-B6E1-1D58D1185387}.ReleaseTest|x86.ActiveCfg = ReleaseTest|Win32
		{7102424C-18EC-4918-B6E1-1D58D1185387}.ReleaseTest|x86.Build.0 = ReleaseTest|Win32
		{7D217B01-1887-4BF5-AE67-C4CADD37F30E}.Debug|Emscripten.ActiveCfg = Debug|Emscripten
		{7D217B01-1887-4BF5-AE67-C4CADD37F30E}.Debug|Emscripten.Build.0 = Debug|Emscripten
		{7D217B01-1887-4BF5-AE67-C4CADD37F30E}.Debug|x64.ActiveCfg = Debug|x64
		{7D217B01-1887-4BF5-AE67-C4CADD37F30E}.Debug|x64.Build.0 = Debug|x64
		{7D217B01-1887-4BF5-AE67-C4CADD37F30E}.Debug|x86.ActiveCfg = Debug|Win32
		{7D217B01-1887-4BF5-AE67-C4CADD37F30E}.Debug|x86.Build.0 = Debug|Win32
		{7D217B01-1887-4BF5-AE67-C4CADD37F30E}.DebugStatic|Emscripten.ActiveCfg = DebugStatic|Emscripten
		{7D217B01-1887-4BF5-AE67-C4CADD37F30E}.DebugStatic|Emscripten.Build.0 = DebugStatic|Emscripten
		{7D217B01-1887-4BF5-AE67-C4CADD37F30E}.DebugStatic|x64.ActiveCfg = DebugStatic|x64
		{7D217B01-1887-4BF5-AE67-C4CADD37F30E}.DebugStatic|x64.Build.0 = DebugStatic|x64
		{7D217B01-1887-4BF5-AE67-C4CADD37F30E}.DebugStatic|x86.ActiveCfg = DebugStatic|Win32
		{7D217B01-1887-4BF5-AE67-C4CADD37F30E}.DebugStatic|x86.Build.0 = DebugStatic|Win32
		{7D217B01-1887-4BF5-AE67-C4CADD37F30E}.Release|Emscripten.ActiveCfg = Release|Emscripten
		{7D217B01-1887-4BF5-AE67-C4CADD37F30E}.Release|Emscripten.Build.0 = Release|Emscripten
		{7D217B01-1887-4BF5-AE67-C4CADD37F30E}.Release|x64.ActiveCfg = Release|x64
		{7D217B01-1887-4BF5-AE67-C4CADD37F30E}.Release|x64.Build.0 = Release|x64
		{7D217B01-1887-4BF5-AE67-C4CADD37F30E}.Release|x86.ActiveCfg = Release|Win32
		{7D217B01-1887-4BF5-AE67-C4CADD37F30E}.Release|x86.Build.0 = Release|Win32
		{7D217B01-1887-4BF5-AE67-C4CADD37F30E}.ReleaseStatic|Emscripten.ActiveCfg = ReleaseStatic|Emscripten
		{7D217B01-1887-4BF5-AE67-C4CADD37F30E}.ReleaseStatic|Emscripten.Build.0 = ReleaseStatic|Emscripten
		{7D217B01-1887-4BF5-AE67-C4CADD37F30E}.ReleaseStatic|x64.ActiveCfg = ReleaseStatic|x64
		{7D217B01-1887-4BF5-AE67-C4CADD37F30E}.ReleaseStatic|x64.Build.0 = ReleaseStatic|x64
		{7D217B01-1887-4BF5-AE67-C4CADD37F30E}.ReleaseStatic|x86.ActiveCfg = ReleaseStatic|Win32
		{7D217B01-1887-4BF5-AE67-C4CADD37F30E}.ReleaseStatic|x86.Build.0 = ReleaseStatic|Win32
		{7D217B01-1887-4BF5-AE67-C4CADD37F30E}.ReleaseTest|Emscripten.ActiveCfg = ReleaseTest|Emscripten
		{7D217B01-1887-4BF5-AE67-C4CADD37F30E}.ReleaseTest|Emscripten.Build.0 = ReleaseTest|Emscripten
		{7D217B01-1887-4BF5-AE67-C4CADD37F30E}.ReleaseTest|x64.ActiveCfg = ReleaseTest|x64
		{7D217B01-1887-4BF5-AE67-C4CADD37F30E}.ReleaseTest|x64.Build.0 = ReleaseTest|x64
		{7D217B01-1887-4BF5-AE67-C4CADD37F30E}.ReleaseTest|x86.ActiveCfg = ReleaseTest|Win32
		{7D217B01-1887-4BF5-AE67-C4CADD37F30E}.ReleaseTest|x86.Build.0 = ReleaseTest|Win32
		{C41350BC-2FC5-4346-8ADE-328E13CFC60D}.Debug|Emscripten.ActiveCfg = Debug|Win32
		{C41350BC-2FC5-4346-8ADE-328E13CFC60D}.Debug|x64.ActiveCfg = Debug|x64
		{C41350BC-2FC5-4346-8ADE-328E13CFC60D}.Debug|x64.Build.0 = Debug|x64
		{C41350BC-2FC5-4346-8ADE-328E13CFC60D}.Debug|x86.ActiveCfg = Debug|Win32
		{C41350BC-2FC5-4346-8ADE-328E13CFC60D}.Debug|x86.Build.0 = Debug|Win32
		{C41350BC-2FC5-4346-8ADE-328E13CFC60D}.DebugStatic|Emscripten.ActiveCfg = DebugStatic|Win32
		{C41350BC-2FC5-4346-8ADE-328E13CFC60D}.DebugStatic|x64.ActiveCfg = DebugStatic|x64
		{C41350BC-2FC5-4346-8ADE-328E13CFC60D}.DebugStatic|x64.Build.0 = DebugStatic|x64
		{C41350BC-2FC5-4346-8ADE-328E13CFC60D}.DebugStatic|x86.ActiveCfg = DebugStatic|Win32
		{C41350BC-2FC5-4346-8ADE-328E13CFC60D}.DebugStatic|x86.Build.0 = DebugStatic|Win32
		{C41350BC-2FC5-4346-8ADE-328E13CFC60D}.Release|Emscripten.ActiveCfg = Release|Win32
		{C41350BC-2FC5-4346-8ADE-328E13CFC60D}.Release|x64.ActiveCfg = Release|x64
		{C41350BC-2FC5-4346-8ADE-328E13CFC60D}.Release|x64.Build.0 = Release|x64
		{C41350BC-2FC5-4346-8ADE-328E13CFC60D}.Release|x86.ActiveCfg = Release|Win32
		{C41350BC-2FC5-4346-8ADE-328E13CFC60D}.Release|x86.Build.0 = Release|Win32
		{C41350BC-2FC5-4346-8ADE-328E13CFC60D}.ReleaseStatic|Emscripten.ActiveCfg = ReleaseStatic|Win32
		{C41350BC-2FC5-4346-8ADE-328E13CFC60D}.ReleaseStatic|x64.ActiveCfg = ReleaseStatic|x64
		{C41350BC-2FC5-4346-8ADE-328E13CFC60D}.ReleaseStatic|x64.Build.0 = ReleaseStatic|x64
		{C41350BC-2FC5-4346-8ADE-328E13CFC60D}.ReleaseStatic|x86.ActiveCfg = ReleaseStatic|Win32
		{C41350BC-2FC5-4346-8ADE-328E13CFC60D}.ReleaseStatic|x86.Build.0 = ReleaseStatic|Win32
		{C41350BC-2FC5-4346-8ADE-328E13CFC60D}.ReleaseTest|Emscripten.ActiveCfg = ReleaseTest|Win32
		{C41350BC-2FC5-4346-8ADE-328E13CFC60D}.ReleaseTest|x64.ActiveCfg = ReleaseTest|x64
		{C41350BC-2FC5-4346-8ADE-328E13CFC60D}.ReleaseTest|x64.Build.0 = ReleaseTest|x64
		{C41350BC-2FC5-4346-8ADE-328E13CFC60D}.ReleaseTest|x86.ActiveCfg = ReleaseTest|Win32
		{C41350BC-2FC5-4346-8ADE-328E13CFC60D}.ReleaseTest|x86.Build.0 = ReleaseTest|Win32
		{DE83E736-47AC-475F-9DB8-8DDF22B70BF5}.Debug|Emscripten.ActiveCfg = Debug|Emscripten
		{DE83E736-47AC-475F-9DB8-8DDF22B70BF5}.Debug|Emscripten.Build.0 = Debug|Emscripten
		{DE83E736-47AC-475F-9DB8-8DDF22B70BF5}.Debug|x64.ActiveCfg = Debug|x64
		{DE83E736-47AC-475F-9DB8-8DDF22B70BF5}.Debug|x64.Build.0 = Debug|x64
		{DE83E736-47AC-475F-9DB8-8DDF22B70BF5}.Debug|x86.ActiveCfg = Debug|Win32
		{DE83E736-47AC-475F-9DB8-8DDF22B70BF5}.Debug|x86.Build.0 = Debug|Win32
		{DE83E736-47AC-475F-9DB8-8DDF22B70BF5}.DebugStatic|Emscripten.ActiveCfg = DebugStatic|Emscripten
		{DE83E736-47AC-475F-9DB8-8DDF22B70BF5}.DebugStatic|Emscripten.Build.0 = DebugStatic|Emscripten
		{DE83E736-47AC-475F-9DB8-8DDF22B70BF5}.DebugStatic|x64.ActiveCfg = DebugStatic|x64
		{DE83E736-47AC-475F-9DB8-8DDF22B70BF5}.DebugStatic|x64.Build.0 = DebugStatic|x64
		{DE83E736-47AC-475F-9DB8-8DDF22B70BF5}.DebugStatic|x86.ActiveCfg = DebugStatic|Win32
		{DE83E736-47AC-475F-9DB8-8DDF22B70BF5}.DebugStatic|x86.Build.0 = DebugStatic|Win32
		{DE83E736-47AC-475F-9DB8-8DDF22B70BF5}.Release|Emscripten.ActiveCfg = Release|Emscripten
		{DE83E736-47AC-475F-9DB8-8DDF22B70BF5}.Release|Emscripten.Build.0 = Release|Emscripten
		{DE83E736-47AC-475F-9DB8-8DDF22B70BF5}.Release|x64.ActiveCfg = Release|x64
		{DE83E736-47AC-475F-9DB8-8DDF22B70BF5}.Release|x64.Build.0 = Release|x64
		{DE83E736-47AC-475F-9DB8-8DDF22B70BF5}.Release|x86.ActiveCfg = Release|Win32
		{DE83E736-47AC-475F-9DB8-8DDF22B70BF5}.Release|x86.Build.0 = Release|Win32
		{DE83E736-47AC-475F-9DB8-8DDF22B70BF5}.ReleaseStatic|Emscripten.ActiveCfg = ReleaseStatic|Emscripten
		{DE83E736-47AC-475F-9DB8-8DDF22B70BF5}.ReleaseStatic|Emscripten.Build.0 = ReleaseStatic|Emscripten
		{DE83E736-47AC-475F-9DB8-8DDF22B70BF5}.ReleaseStatic|x64.ActiveCfg = ReleaseStatic|x64
		{DE83E736-47AC-475F-9DB8-8DDF22B70BF5}.ReleaseStatic|x64.Build.0 = ReleaseStatic|x64
		{DE83E736-47AC-475F-9DB8-8DDF22B70BF5}.ReleaseStatic|x86.ActiveCfg = ReleaseStatic|Win32
		{DE83E736-47AC-475F-9DB8-8DDF22B70BF5}.ReleaseStatic|x86.Build.0 = ReleaseStatic|Win32
		{DE83E736-47AC-475F-9DB8-8DDF22B70BF5}.ReleaseTest|Emscripten.ActiveCfg = ReleaseTest|Emscripten
		{DE83E736-47AC-475F-9DB8-8DDF22B70BF5}.ReleaseTest|Emscripten.Build.0 = ReleaseTest|Emscripten
		{DE83E736-47AC-475F-9DB8-8DDF22B70BF5}.ReleaseTest|x64.ActiveCfg = ReleaseTest|x64
		{DE83E736-47AC-475F-9DB8-8DDF22B70BF5}.ReleaseTest|x64.Build.0 = ReleaseTest|x64
		{DE83E736-47AC-475F-9DB8-8DDF22B70BF5}.ReleaseTest|x86.ActiveCfg = ReleaseTest|Win32
		{DE83E736-47AC-475F-9DB8-8DDF22B70BF5}.ReleaseTest|x86.Build.0 = ReleaseTest|Win32
		{179C15FF-42C0-4D89-B1C9-3F47CF571D6B}.Debug|Emscripten.ActiveCfg = Debug|Win32
		{179C15FF-42C0-4D89-B1C9-3F47CF571D6B}.Debug|x64.ActiveCfg = Debug|x64
		{179C15FF-42C0-4D89-B1C9-3F47CF571D6B}.Debug|x64.Build.0 = Debug|x64
		{179C15FF-42C0-4D89-B1C9-3F47CF571D6B}.Debug|x86.ActiveCfg = Debug|Win32
		{179C15FF-42C0-4D89-B1C9-3F47CF571D6B}.Debug|x86.Build.0 = Debug|Win32
		{179C15FF-42C0-4D89-B1C9-3F47CF571D6B}.DebugStatic|Emscripten.ActiveCfg = DebugStatic|Win32
		{179C15FF-42C0-4D89-B1C9-3F47CF571D6B}.DebugStatic|x64.ActiveCfg = DebugStatic|x64
		{179C15FF-42C0-4D89-B1C9-3F47CF571D6B}.DebugStatic|x64.Build.0 = DebugStatic|x64
		{179C15FF-42C0-4D89-B1C9-3F47CF571D6B}.DebugStatic|x86.ActiveCfg = DebugStatic|Win32
		{179C15FF-42C0-4D89-B1C9-3F47CF571D6B}.DebugStatic|x86.Build.0 = DebugStatic|Win32
		{179C15FF-42C0-4D89-B1C9-3F47CF571D6B}.Release|Emscripten.ActiveCfg = Release|Win32
		{179C15FF-42C0-4D89-B1C9-3F47CF571D6B}.Release|x64.ActiveCfg = Release|x64
		{179C15FF-42C0-4D89-B1C9-3F47CF571D6B}.Release|x64.Build.0 = Release|x64
		{179C15FF-42C0-4D89-B1C9-3F47CF571D6B}.Release|x86.ActiveCfg = Release|Win32
		{179C15FF-42C0-4D89-B1C9-3F47CF571D6B}.Release|x86.Build.0 = Release|Win32
		{179C15FF-42C0-4D89-B1C9-3F47CF571D6B}.ReleaseStatic|Emscripten.ActiveCfg = ReleaseStatic|Win32
		{179C15FF-42C0-4D89-B1C9-3F47CF571D6B}.ReleaseStatic|x64.ActiveCfg = ReleaseStatic|x64
		{179C15FF-42C0-4D89-B1C9-3F47CF571D6B}.ReleaseStatic|x64.Build.0 = ReleaseStatic|x64
		{179C15FF-42C0-4D89-B1C9-3F47CF571D6B}.ReleaseStatic|x86.ActiveCfg = ReleaseStatic|Win32
		{179C15FF-42C0-4D89-B1C9-3F47CF571D6B}.ReleaseStatic|x86.Build.0 = ReleaseStatic|Win32
		{179C15FF-42C0-4D89-B1C9-3F47CF571D6B}.ReleaseTest|Emscripten.ActiveCfg = ReleaseTest|Win32
		{179C15FF-42C0-4D89-B1C9-3F47CF571D6B}.ReleaseTest|x64.ActiveCfg = ReleaseTest|x64
		{179C15FF-42C0-4D89-B1C9-3F47CF571D6B}.ReleaseTest|x64.Build.0 = ReleaseTest|x64
		{179C15FF-42C0-4D89-B1C9-3F47CF571D6B}.ReleaseTest|x86.ActiveCfg = ReleaseTest|Win32
		{179C15FF-42C0-4D89-B1C9-3F47CF571D6B}.ReleaseTest|x86.Build.0 = ReleaseTest|Win32
		{F476FE60-4037-4045-8495-D744E325192A}.Debug|Emscripten.ActiveCfg = Debug|Win32
		{F476FE60-4037-4045-8495-D744E325192A}.Debug|x64.ActiveCfg = Debug|x64
		{F476FE60-4037-4045-8495-D744E325192A}.Debug|x64.Build.0 = Debug|x64
		{F476FE60-4037-4045-8495-D744E325192A}.Debug|x86.ActiveCfg = Debug|Win32
		{F476FE60-4037-4045-8495-D744E325192A}.Debug|x86.Build.0 = Debug|Win32
		{F476FE60-4037-4045-8495-D744E325192A}.DebugStatic|Emscripten.ActiveCfg = DebugStatic|Win32
		{F476FE60-4037-4045-8495-D744E325192A}.DebugStatic|x64.ActiveCfg = DebugStatic|x64
		{F476FE60-4037-4045-8495-D744E325192A}.DebugStatic|x64.Build.0 = DebugStatic|x64
		{F476FE60-4037-4045-8495-D744E325192A}.DebugStatic|x86.ActiveCfg = DebugStatic|Win32
		{F476FE60-4037-4045-8495-D744E325192A}.DebugStatic|x86.Build.0 = DebugStatic|Win32
		{F476FE60-4037-4045-8495-D744E325192A}.Release|Emscripten.ActiveCfg = Release|Win32
		{F476FE60-4037-4045-8495-D744E325192A}.Release|x64.ActiveCfg = Release|x64
		{F476FE60-4037-4045-8495-D744E325192A}.Release|x64.Build.0 = Release|x64
		{F476FE60-4037-4045-8495-D744E325192A}.Release|x86.ActiveCfg = Release|Win32
		{F476FE60-4037-4045-8495-D744E325192A}.Release|x86.Build.0 = Release|Win32
		{F476FE60-4037-4045-8495-D744E325192A}.ReleaseStatic|Emscripten.ActiveCfg = ReleaseStatic|Win32
		{F476FE60-4037-4045-8495-D744E325192A}.ReleaseStatic|x64.ActiveCfg = ReleaseStatic|x64
		{F476FE60-4037-4045-8495-D744E325192A}.ReleaseStatic|x64.Build.0 = ReleaseStatic|x64
		{F476FE60-4037-4045-8495-D744E325192A}.ReleaseStatic|x86.ActiveCfg = ReleaseStatic|Win32
		{F476FE60-4037-4045-8495-D744E325192A}.ReleaseStatic|x86.Build.0 = ReleaseStatic|Win32
		{F476FE60-4037-4045-8495-D744E325192A}.ReleaseTest|Emscripten.ActiveCfg = ReleaseTest|Win32
		{F476FE60-4037-4045-8495-D744E325192A}.ReleaseTest|x64.ActiveCfg = ReleaseTest|x64
		{F476FE60-4037-4045-8495-D744E325192A}.ReleaseTest|x64.Build.0 = ReleaseTest|x64
		{F476FE60-4037-4045-8495-D744E325192A}.ReleaseTest|x86.ActiveCfg = ReleaseTest|Win32
		{F476FE60-4037-4045-8495-D744E325192A}.ReleaseTest|x86.Build.0 = ReleaseTest|Win32
	EndGlobalSection
	GlobalSection(SolutionProperties) = preSolution
		HideSolutionNode = FALSE
	EndGlobalSection
	GlobalSection(NestedProjects) = preSolution
		{F5212E7B-4791-4488-A23A-57AF3023E7D3} = {723F917F-0072-4B76-ABB1-3336381F001A}
		{E25F0C5A-72CE-481E-8F08-C36AC5AD9666} = {723F917F-0072-4B76-ABB1-3336381F001A}
		{432CC3C8-34B1-405D-9675-36FDF25289C7} = {723F917F-0072-4B76-ABB1-3336381F001A}
		{CC68C111-CA4B-42F6-B2A1-956420CE5D0F} = {723F917F-0072-4B76-ABB1-3336381F001A}
		{7102424C-18EC-4918-B6E1-1D58D1185387} = {723F917F-0072-4B76-ABB1-3336381F001A}
		{812683F9-452D-4EC6-B881-5A4D5F76457C} = {723F917F-0072-4B76-ABB1-3336381F001A}
		{7D217B01-1887-4BF5-AE67-C4CADD37F30E} = {723F917F-0072-4B76-ABB1-3336381F001A}
		{C41350BC-2FC5-4346-8ADE-328E13CFC60D} = {723F917F-0072-4B76-ABB1-3336381F001A}
		{DE83E736-47AC-475F-9DB8-8DDF22B70BF5} = {723F917F-0072-4B76-ABB1-3336381F001A}
		{179C15FF-42C0-4D89-B1C9-3F47CF571D6B} = {723F917F-0072-4B76-ABB1-3336381F001A}
		{F476FE60-4037-4045-8495-D744E325192A} = {812683F9-452D-4EC6-B881-5A4D5F76457C}
	EndGlobalSection
	GlobalSection(ExtensibilityGlobals) = postSolution
		SolutionGuid = {B792BB10-56F7-42E6-BD30-24C9B586AD9B}
	EndGlobalSection
EndGlobal
