Microsoft Visual Studio Solution File, Format Version 12.00
# Visual Studio Version 16
VisualStudioVersion = 16.0.29230.47
MinimumVisualStudioVersion = 10.0.40219.1
Project("{2150E333-8FDC-42A3-9474-1A3956D46DE8}") = "Third", "Third", "{D2A592FF-C12D-4472-B64E-F272534AC128}"
EndProject
Project("{2150E333-8FDC-42A3-9474-1A3956D46DE8}") = "KEN", "KEN", "{723F917F-0072-4B76-ABB1-3336381F001A}"
	ProjectSection(SolutionItems) = preProject
		..\ken\KR.props = ..\ken\KR.props
		..\ken\KRLibrary.props = ..\ken\KRLibrary.props
		..\ken\KRThird\third.props = ..\ken\KRThird\third.props
	EndProjectSection
EndProject
Project("{8BC9CEB8-8B4A-11D0-8D11-00A0C91BC942}") = "KR3", "..\ken\KR3\KR3.vcxproj", "{F5212E7B-4791-4488-A23A-57AF3023E7D3}"
EndProject
Project("{8BC9CEB8-8B4A-11D0-8D11-00A0C91BC942}") = "KRWin", "..\ken\KRWin\KRWin.vcxproj", "{432CC3C8-34B1-405D-9675-36FDF25289C7}"
EndProject
Project("{8BC9CEB8-8B4A-11D0-8D11-00A0C91BC942}") = "K2D", "..\ken\K2D\K2D.vcxproj", "{CC68C111-CA4B-42F6-B2A1-956420CE5D0F}"
EndProject
Project("{8BC9CEB8-8B4A-11D0-8D11-00A0C91BC942}") = "dshow", "..\ken\KRThird\dshow\dshow.vcxproj", "{8591EF63-910E-4916-8AB3-CECAA0A0141D}"
EndProject
Project("{8BC9CEB8-8B4A-11D0-8D11-00A0C91BC942}") = "KRNew", "..\ken\KRNew\KRNew.vcxproj", "{7102424C-18EC-4918-B6E1-1D58D1185387}"
EndProject
Project("{2150E333-8FDC-42A3-9474-1A3956D46DE8}") = "Tool", "Tool", "{812683F9-452D-4EC6-B881-5A4D5F76457C}"
EndProject
Project("{8BC9CEB8-8B4A-11D0-8D11-00A0C91BC942}") = "dsebuild", "..\ken\KRTool\dsebuild\dsebuild.vcxproj", "{184FD0BE-3E05-4F83-B677-0D85DBB3B282}"
EndProject
Project("{8BC9CEB8-8B4A-11D0-8D11-00A0C91BC942}") = "stbuild", "..\ken\KRTool\stbuild\stbuild.vcxproj", "{606C1D3F-EF16-45EB-8B39-0906A9B8BA6C}"
EndProject
Project("{8BC9CEB8-8B4A-11D0-8D11-00A0C91BC942}") = "KRGame", "..\ken\KRGame\KRGame.vcxproj", "{7D217B01-1887-4BF5-AE67-C4CADD37F30E}"
EndProject
Project("{8BC9CEB8-8B4A-11D0-8D11-00A0C91BC942}") = "kcopy", "..\ken\KRTool\kcopy\kcopy.vcxproj", "{748300F4-632C-4DFB-A64C-E70EA0CF53DC}"
EndProject
Project("{8BC9CEB8-8B4A-11D0-8D11-00A0C91BC942}") = "empolyfill", "..\ken\empolyfill\empolyfill.vcxproj", "{C41350BC-2FC5-4346-8ADE-328E13CFC60D}"
EndProject
Project("{2150E333-8FDC-42A3-9474-1A3956D46DE8}") = "props", "props", "{C14A2470-7A1C-44EF-A504-F16BB850EED4}"
	ProjectSection(SolutionItems) = preProject
		..\ken\KR.props = ..\ken\KR.props
		..\ken\KRLibrary.props = ..\ken\KRLibrary.props
		..\ken\KRThird\third.props = ..\ken\KRThird\third.props
	EndProjectSection
EndProject
Project("{8BC9CEB8-8B4A-11D0-8D11-00A0C91BC942}") = "KRApp", "..\ken\KRApp\KRApp.vcxproj", "{DE83E736-47AC-475F-9DB8-8DDF22B70BF5}"
EndProject
Project("{8BC9CEB8-8B4A-11D0-8D11-00A0C91BC942}") = "js2h", "..\ken\KRTool\js2h\js2h.vcxproj", "{4966CD90-DEDD-4A78-9F3F-01345AB72B27}"
EndProject
Project("{8BC9CEB8-8B4A-11D0-8D11-00A0C91BC942}") = "KRSound", "..\ken\KRSound\KRSound.vcxproj", "{179C15FF-42C0-4D89-B1C9-3F47CF571D6B}"
EndProject
Project("{8BC9CEB8-8B4A-11D0-8D11-00A0C91BC942}") = "COPY_DLL", "..\ken\KRTool\COPY_DLL\COPY_DLL.vcxproj", "{F476FE60-4037-4045-8495-D744E325192A}"
EndProject
Project("{8BC9CEB8-8B4A-11D0-8D11-00A0C91BC942}") = "injector", "injector\injector.vcxproj", "{275893B0-1478-4D55-9953-DAB4F3871BE8}"
EndProject
Project("{2150E333-8FDC-42A3-9474-1A3956D46DE8}") = "Solution Items", "Solution Items", "{C04914DC-EDBE-449B-B6CA-2E1CB41C7069}"
	ProjectSection(SolutionItems) = preProject
		.gitignore = .gitignore
		README.md = README.md
	EndProjectSection
EndProject
Project("{8BC9CEB8-8B4A-11D0-8D11-00A0C91BC942}") = "batch", "..\ken\batch\batch.vcxitems", "{20DE4C44-1DE5-4571-AD4E-744F63354370}"
EndProject
Project("{8BC9CEB8-8B4A-11D0-8D11-00A0C91BC942}") = "bdsx", "bdsx\bdsx.vcxproj", "{31964E2C-9E3D-4C98-A17B-589E322AA174}"
EndProject
Project("{9092AA53-FB77-4645-B42D-1CCCA6BD08BD}") = "bdsx-node", "bdsx-node\bdsx-node.njsproj", "{1DF0DD2D-2489-4056-BEE3-B3ADFC8176E8}"
EndProject
Project("{8BC9CEB8-8B4A-11D0-8D11-00A0C91BC942}") = "PACKAGING", "PACKAGING\PACKAGING.vcxproj", "{E655A8E5-4061-4D56-AA5C-F6BD7FF823E3}"
	ProjectSection(ProjectDependencies) = postProject
		{31964E2C-9E3D-4C98-A17B-589E322AA174} = {31964E2C-9E3D-4C98-A17B-589E322AA174}
		{275893B0-1478-4D55-9953-DAB4F3871BE8} = {275893B0-1478-4D55-9953-DAB4F3871BE8}
	EndProjectSection
EndProject
Project("{8BC9CEB8-8B4A-11D0-8D11-00A0C91BC942}") = "kget", "..\ken\KRTool\kget\kget.vcxproj", "{08B5A46F-B122-474C-9E9A-BBE3B050DB5F}"
EndProject
Global
	GlobalSection(SolutionConfigurationPlatforms) = preSolution
		Debug|x64 = Debug|x64
		Debug|x86 = Debug|x86
		Release|x64 = Release|x64
		Release|x86 = Release|x86
	EndGlobalSection
	GlobalSection(ProjectConfigurationPlatforms) = postSolution
		{F5212E7B-4791-4488-A23A-57AF3023E7D3}.Debug|x64.ActiveCfg = Debug|x64
		{F5212E7B-4791-4488-A23A-57AF3023E7D3}.Debug|x64.Build.0 = Debug|x64
		{F5212E7B-4791-4488-A23A-57AF3023E7D3}.Debug|x86.ActiveCfg = Debug|Win32
		{F5212E7B-4791-4488-A23A-57AF3023E7D3}.Debug|x86.Build.0 = Debug|Win32
		{F5212E7B-4791-4488-A23A-57AF3023E7D3}.Release|x64.ActiveCfg = Release|x64
		{F5212E7B-4791-4488-A23A-57AF3023E7D3}.Release|x64.Build.0 = Release|x64
		{F5212E7B-4791-4488-A23A-57AF3023E7D3}.Release|x86.ActiveCfg = Release|Win32
		{F5212E7B-4791-4488-A23A-57AF3023E7D3}.Release|x86.Build.0 = Release|Win32
		{432CC3C8-34B1-405D-9675-36FDF25289C7}.Debug|x64.ActiveCfg = Debug|x64
		{432CC3C8-34B1-405D-9675-36FDF25289C7}.Debug|x64.Build.0 = Debug|x64
		{432CC3C8-34B1-405D-9675-36FDF25289C7}.Debug|x86.ActiveCfg = Debug|Win32
		{432CC3C8-34B1-405D-9675-36FDF25289C7}.Debug|x86.Build.0 = Debug|Win32
		{432CC3C8-34B1-405D-9675-36FDF25289C7}.Release|x64.ActiveCfg = Release|x64
		{432CC3C8-34B1-405D-9675-36FDF25289C7}.Release|x64.Build.0 = Release|x64
		{432CC3C8-34B1-405D-9675-36FDF25289C7}.Release|x86.ActiveCfg = Release|Win32
		{432CC3C8-34B1-405D-9675-36FDF25289C7}.Release|x86.Build.0 = Release|Win32
		{CC68C111-CA4B-42F6-B2A1-956420CE5D0F}.Debug|x64.ActiveCfg = Debug|x64
		{CC68C111-CA4B-42F6-B2A1-956420CE5D0F}.Debug|x64.Build.0 = Debug|x64
		{CC68C111-CA4B-42F6-B2A1-956420CE5D0F}.Debug|x86.ActiveCfg = Debug|Win32
		{CC68C111-CA4B-42F6-B2A1-956420CE5D0F}.Debug|x86.Build.0 = Debug|Win32
		{CC68C111-CA4B-42F6-B2A1-956420CE5D0F}.Release|x64.ActiveCfg = Release|x64
		{CC68C111-CA4B-42F6-B2A1-956420CE5D0F}.Release|x64.Build.0 = Release|x64
		{CC68C111-CA4B-42F6-B2A1-956420CE5D0F}.Release|x86.ActiveCfg = Release|Win32
		{CC68C111-CA4B-42F6-B2A1-956420CE5D0F}.Release|x86.Build.0 = Release|Win32
		{8591EF63-910E-4916-8AB3-CECAA0A0141D}.Debug|x64.ActiveCfg = Debug|x64
		{8591EF63-910E-4916-8AB3-CECAA0A0141D}.Debug|x64.Build.0 = Debug|x64
		{8591EF63-910E-4916-8AB3-CECAA0A0141D}.Debug|x86.ActiveCfg = Debug|Win32
		{8591EF63-910E-4916-8AB3-CECAA0A0141D}.Debug|x86.Build.0 = Debug|Win32
		{8591EF63-910E-4916-8AB3-CECAA0A0141D}.Release|x64.ActiveCfg = Release|x64
		{8591EF63-910E-4916-8AB3-CECAA0A0141D}.Release|x64.Build.0 = Release|x64
		{8591EF63-910E-4916-8AB3-CECAA0A0141D}.Release|x86.ActiveCfg = Release|Win32
		{8591EF63-910E-4916-8AB3-CECAA0A0141D}.Release|x86.Build.0 = Release|Win32
		{7102424C-18EC-4918-B6E1-1D58D1185387}.Debug|x64.ActiveCfg = Debug|x64
		{7102424C-18EC-4918-B6E1-1D58D1185387}.Debug|x64.Build.0 = Debug|x64
		{7102424C-18EC-4918-B6E1-1D58D1185387}.Debug|x86.ActiveCfg = Debug|Win32
		{7102424C-18EC-4918-B6E1-1D58D1185387}.Debug|x86.Build.0 = Debug|Win32
		{7102424C-18EC-4918-B6E1-1D58D1185387}.Release|x64.ActiveCfg = Release|x64
		{7102424C-18EC-4918-B6E1-1D58D1185387}.Release|x64.Build.0 = Release|x64
		{7102424C-18EC-4918-B6E1-1D58D1185387}.Release|x86.ActiveCfg = Release|Win32
		{7102424C-18EC-4918-B6E1-1D58D1185387}.Release|x86.Build.0 = Release|Win32
		{184FD0BE-3E05-4F83-B677-0D85DBB3B282}.Debug|x64.ActiveCfg = Debug|x64
		{184FD0BE-3E05-4F83-B677-0D85DBB3B282}.Debug|x64.Build.0 = Debug|x64
		{184FD0BE-3E05-4F83-B677-0D85DBB3B282}.Debug|x86.ActiveCfg = Debug|Win32
		{184FD0BE-3E05-4F83-B677-0D85DBB3B282}.Debug|x86.Build.0 = Debug|Win32
		{184FD0BE-3E05-4F83-B677-0D85DBB3B282}.Release|x64.ActiveCfg = Release|x64
		{184FD0BE-3E05-4F83-B677-0D85DBB3B282}.Release|x64.Build.0 = Release|x64
		{184FD0BE-3E05-4F83-B677-0D85DBB3B282}.Release|x86.ActiveCfg = Release|Win32
		{184FD0BE-3E05-4F83-B677-0D85DBB3B282}.Release|x86.Build.0 = Release|Win32
		{606C1D3F-EF16-45EB-8B39-0906A9B8BA6C}.Debug|x64.ActiveCfg = Debug|x64
		{606C1D3F-EF16-45EB-8B39-0906A9B8BA6C}.Debug|x64.Build.0 = Debug|x64
		{606C1D3F-EF16-45EB-8B39-0906A9B8BA6C}.Debug|x86.ActiveCfg = Debug|Win32
		{606C1D3F-EF16-45EB-8B39-0906A9B8BA6C}.Debug|x86.Build.0 = Debug|Win32
		{606C1D3F-EF16-45EB-8B39-0906A9B8BA6C}.Release|x64.ActiveCfg = Release|x64
		{606C1D3F-EF16-45EB-8B39-0906A9B8BA6C}.Release|x64.Build.0 = Release|x64
		{606C1D3F-EF16-45EB-8B39-0906A9B8BA6C}.Release|x86.ActiveCfg = Release|Win32
		{606C1D3F-EF16-45EB-8B39-0906A9B8BA6C}.Release|x86.Build.0 = Release|Win32
		{7D217B01-1887-4BF5-AE67-C4CADD37F30E}.Debug|x64.ActiveCfg = Debug|x64
		{7D217B01-1887-4BF5-AE67-C4CADD37F30E}.Debug|x64.Build.0 = Debug|x64
		{7D217B01-1887-4BF5-AE67-C4CADD37F30E}.Debug|x86.ActiveCfg = Debug|Win32
		{7D217B01-1887-4BF5-AE67-C4CADD37F30E}.Debug|x86.Build.0 = Debug|Win32
		{7D217B01-1887-4BF5-AE67-C4CADD37F30E}.Release|x64.ActiveCfg = Release|x64
		{7D217B01-1887-4BF5-AE67-C4CADD37F30E}.Release|x64.Build.0 = Release|x64
		{7D217B01-1887-4BF5-AE67-C4CADD37F30E}.Release|x86.ActiveCfg = Release|Win32
		{7D217B01-1887-4BF5-AE67-C4CADD37F30E}.Release|x86.Build.0 = Release|Win32
		{748300F4-632C-4DFB-A64C-E70EA0CF53DC}.Debug|x64.ActiveCfg = Debug|x64
		{748300F4-632C-4DFB-A64C-E70EA0CF53DC}.Debug|x64.Build.0 = Debug|x64
		{748300F4-632C-4DFB-A64C-E70EA0CF53DC}.Debug|x86.ActiveCfg = Debug|Win32
		{748300F4-632C-4DFB-A64C-E70EA0CF53DC}.Debug|x86.Build.0 = Debug|Win32
		{748300F4-632C-4DFB-A64C-E70EA0CF53DC}.Release|x64.ActiveCfg = Release|x64
		{748300F4-632C-4DFB-A64C-E70EA0CF53DC}.Release|x64.Build.0 = Release|x64
		{748300F4-632C-4DFB-A64C-E70EA0CF53DC}.Release|x86.ActiveCfg = Release|Win32
		{748300F4-632C-4DFB-A64C-E70EA0CF53DC}.Release|x86.Build.0 = Release|Win32
		{C41350BC-2FC5-4346-8ADE-328E13CFC60D}.Debug|x64.ActiveCfg = Debug|x64
		{C41350BC-2FC5-4346-8ADE-328E13CFC60D}.Debug|x64.Build.0 = Debug|x64
		{C41350BC-2FC5-4346-8ADE-328E13CFC60D}.Debug|x86.ActiveCfg = Debug|Win32
		{C41350BC-2FC5-4346-8ADE-328E13CFC60D}.Debug|x86.Build.0 = Debug|Win32
		{C41350BC-2FC5-4346-8ADE-328E13CFC60D}.Release|x64.ActiveCfg = Release|x64
		{C41350BC-2FC5-4346-8ADE-328E13CFC60D}.Release|x64.Build.0 = Release|x64
		{C41350BC-2FC5-4346-8ADE-328E13CFC60D}.Release|x86.ActiveCfg = Release|Win32
		{C41350BC-2FC5-4346-8ADE-328E13CFC60D}.Release|x86.Build.0 = Release|Win32
		{DE83E736-47AC-475F-9DB8-8DDF22B70BF5}.Debug|x64.ActiveCfg = Debug|x64
		{DE83E736-47AC-475F-9DB8-8DDF22B70BF5}.Debug|x64.Build.0 = Debug|x64
		{DE83E736-47AC-475F-9DB8-8DDF22B70BF5}.Debug|x86.ActiveCfg = Debug|Win32
		{DE83E736-47AC-475F-9DB8-8DDF22B70BF5}.Debug|x86.Build.0 = Debug|Win32
		{DE83E736-47AC-475F-9DB8-8DDF22B70BF5}.Release|x64.ActiveCfg = Release|x64
		{DE83E736-47AC-475F-9DB8-8DDF22B70BF5}.Release|x64.Build.0 = Release|x64
		{DE83E736-47AC-475F-9DB8-8DDF22B70BF5}.Release|x86.ActiveCfg = Release|Win32
		{DE83E736-47AC-475F-9DB8-8DDF22B70BF5}.Release|x86.Build.0 = Release|Win32
		{4966CD90-DEDD-4A78-9F3F-01345AB72B27}.Debug|x64.ActiveCfg = Debug|x64
		{4966CD90-DEDD-4A78-9F3F-01345AB72B27}.Debug|x64.Build.0 = Debug|x64
		{4966CD90-DEDD-4A78-9F3F-01345AB72B27}.Debug|x86.ActiveCfg = Debug|Win32
		{4966CD90-DEDD-4A78-9F3F-01345AB72B27}.Debug|x86.Build.0 = Debug|Win32
		{4966CD90-DEDD-4A78-9F3F-01345AB72B27}.Release|x64.ActiveCfg = Release|x64
		{4966CD90-DEDD-4A78-9F3F-01345AB72B27}.Release|x64.Build.0 = Release|x64
		{4966CD90-DEDD-4A78-9F3F-01345AB72B27}.Release|x86.ActiveCfg = Release|Win32
		{4966CD90-DEDD-4A78-9F3F-01345AB72B27}.Release|x86.Build.0 = Release|Win32
		{179C15FF-42C0-4D89-B1C9-3F47CF571D6B}.Debug|x64.ActiveCfg = Debug|x64
		{179C15FF-42C0-4D89-B1C9-3F47CF571D6B}.Debug|x64.Build.0 = Debug|x64
		{179C15FF-42C0-4D89-B1C9-3F47CF571D6B}.Debug|x86.ActiveCfg = Debug|Win32
		{179C15FF-42C0-4D89-B1C9-3F47CF571D6B}.Debug|x86.Build.0 = Debug|Win32
		{179C15FF-42C0-4D89-B1C9-3F47CF571D6B}.Release|x64.ActiveCfg = Release|x64
		{179C15FF-42C0-4D89-B1C9-3F47CF571D6B}.Release|x64.Build.0 = Release|x64
		{179C15FF-42C0-4D89-B1C9-3F47CF571D6B}.Release|x86.ActiveCfg = Release|Win32
		{179C15FF-42C0-4D89-B1C9-3F47CF571D6B}.Release|x86.Build.0 = Release|Win32
		{F476FE60-4037-4045-8495-D744E325192A}.Debug|x64.ActiveCfg = Debug|x64
		{F476FE60-4037-4045-8495-D744E325192A}.Debug|x64.Build.0 = Debug|x64
		{F476FE60-4037-4045-8495-D744E325192A}.Debug|x86.ActiveCfg = Debug|Win32
		{F476FE60-4037-4045-8495-D744E325192A}.Debug|x86.Build.0 = Debug|Win32
		{F476FE60-4037-4045-8495-D744E325192A}.Release|x64.ActiveCfg = Release|x64
		{F476FE60-4037-4045-8495-D744E325192A}.Release|x64.Build.0 = Release|x64
		{F476FE60-4037-4045-8495-D744E325192A}.Release|x86.ActiveCfg = Release|Win32
		{F476FE60-4037-4045-8495-D744E325192A}.Release|x86.Build.0 = Release|Win32
		{275893B0-1478-4D55-9953-DAB4F3871BE8}.Debug|x64.ActiveCfg = Debug|x64
		{275893B0-1478-4D55-9953-DAB4F3871BE8}.Debug|x64.Build.0 = Debug|x64
		{275893B0-1478-4D55-9953-DAB4F3871BE8}.Debug|x86.ActiveCfg = Debug|Win32
		{275893B0-1478-4D55-9953-DAB4F3871BE8}.Debug|x86.Build.0 = Debug|Win32
		{275893B0-1478-4D55-9953-DAB4F3871BE8}.Release|x64.ActiveCfg = Release|x64
		{275893B0-1478-4D55-9953-DAB4F3871BE8}.Release|x64.Build.0 = Release|x64
		{275893B0-1478-4D55-9953-DAB4F3871BE8}.Release|x86.ActiveCfg = Release|Win32
		{275893B0-1478-4D55-9953-DAB4F3871BE8}.Release|x86.Build.0 = Release|Win32
		{31964E2C-9E3D-4C98-A17B-589E322AA174}.Debug|x64.ActiveCfg = Debug|x64
		{31964E2C-9E3D-4C98-A17B-589E322AA174}.Debug|x64.Build.0 = Debug|x64
		{31964E2C-9E3D-4C98-A17B-589E322AA174}.Debug|x86.ActiveCfg = Debug|Win32
		{31964E2C-9E3D-4C98-A17B-589E322AA174}.Debug|x86.Build.0 = Debug|Win32
		{31964E2C-9E3D-4C98-A17B-589E322AA174}.Release|x64.ActiveCfg = Release|x64
		{31964E2C-9E3D-4C98-A17B-589E322AA174}.Release|x64.Build.0 = Release|x64
		{31964E2C-9E3D-4C98-A17B-589E322AA174}.Release|x86.ActiveCfg = Release|Win32
		{31964E2C-9E3D-4C98-A17B-589E322AA174}.Release|x86.Build.0 = Release|Win32
		{1DF0DD2D-2489-4056-BEE3-B3ADFC8176E8}.Debug|x64.ActiveCfg = Debug|Any CPU
		{1DF0DD2D-2489-4056-BEE3-B3ADFC8176E8}.Debug|x64.Build.0 = Debug|Any CPU
		{1DF0DD2D-2489-4056-BEE3-B3ADFC8176E8}.Debug|x86.ActiveCfg = Debug|Any CPU
		{1DF0DD2D-2489-4056-BEE3-B3ADFC8176E8}.Debug|x86.Build.0 = Debug|Any CPU
		{1DF0DD2D-2489-4056-BEE3-B3ADFC8176E8}.Release|x64.ActiveCfg = Release|Any CPU
		{1DF0DD2D-2489-4056-BEE3-B3ADFC8176E8}.Release|x64.Build.0 = Release|Any CPU
		{1DF0DD2D-2489-4056-BEE3-B3ADFC8176E8}.Release|x86.ActiveCfg = Release|Any CPU
		{1DF0DD2D-2489-4056-BEE3-B3ADFC8176E8}.Release|x86.Build.0 = Release|Any CPU
		{E655A8E5-4061-4D56-AA5C-F6BD7FF823E3}.Debug|x64.ActiveCfg = Debug|x64
		{E655A8E5-4061-4D56-AA5C-F6BD7FF823E3}.Debug|x64.Build.0 = Debug|x64
		{E655A8E5-4061-4D56-AA5C-F6BD7FF823E3}.Debug|x86.ActiveCfg = Debug|Win32
		{E655A8E5-4061-4D56-AA5C-F6BD7FF823E3}.Debug|x86.Build.0 = Debug|Win32
		{E655A8E5-4061-4D56-AA5C-F6BD7FF823E3}.Release|x64.ActiveCfg = Release|x64
		{E655A8E5-4061-4D56-AA5C-F6BD7FF823E3}.Release|x64.Build.0 = Release|x64
		{E655A8E5-4061-4D56-AA5C-F6BD7FF823E3}.Release|x86.ActiveCfg = Release|Win32
		{E655A8E5-4061-4D56-AA5C-F6BD7FF823E3}.Release|x86.Build.0 = Release|Win32
		{08B5A46F-B122-474C-9E9A-BBE3B050DB5F}.Debug|x64.ActiveCfg = Debug|x64
		{08B5A46F-B122-474C-9E9A-BBE3B050DB5F}.Debug|x64.Build.0 = Debug|x64
		{08B5A46F-B122-474C-9E9A-BBE3B050DB5F}.Debug|x86.ActiveCfg = Debug|Win32
		{08B5A46F-B122-474C-9E9A-BBE3B050DB5F}.Debug|x86.Build.0 = Debug|Win32
		{08B5A46F-B122-474C-9E9A-BBE3B050DB5F}.Release|x64.ActiveCfg = Release|x64
		{08B5A46F-B122-474C-9E9A-BBE3B050DB5F}.Release|x64.Build.0 = Release|x64
		{08B5A46F-B122-474C-9E9A-BBE3B050DB5F}.Release|x86.ActiveCfg = Release|Win32
		{08B5A46F-B122-474C-9E9A-BBE3B050DB5F}.Release|x86.Build.0 = Release|Win32
	EndGlobalSection
	GlobalSection(SolutionProperties) = preSolution
		HideSolutionNode = FALSE
	EndGlobalSection
	GlobalSection(NestedProjects) = preSolution
		{D2A592FF-C12D-4472-B64E-F272534AC128} = {723F917F-0072-4B76-ABB1-3336381F001A}
		{F5212E7B-4791-4488-A23A-57AF3023E7D3} = {723F917F-0072-4B76-ABB1-3336381F001A}
		{432CC3C8-34B1-405D-9675-36FDF25289C7} = {723F917F-0072-4B76-ABB1-3336381F001A}
		{CC68C111-CA4B-42F6-B2A1-956420CE5D0F} = {723F917F-0072-4B76-ABB1-3336381F001A}
		{8591EF63-910E-4916-8AB3-CECAA0A0141D} = {D2A592FF-C12D-4472-B64E-F272534AC128}
		{7102424C-18EC-4918-B6E1-1D58D1185387} = {723F917F-0072-4B76-ABB1-3336381F001A}
		{812683F9-452D-4EC6-B881-5A4D5F76457C} = {723F917F-0072-4B76-ABB1-3336381F001A}
		{184FD0BE-3E05-4F83-B677-0D85DBB3B282} = {812683F9-452D-4EC6-B881-5A4D5F76457C}
		{606C1D3F-EF16-45EB-8B39-0906A9B8BA6C} = {812683F9-452D-4EC6-B881-5A4D5F76457C}
		{7D217B01-1887-4BF5-AE67-C4CADD37F30E} = {723F917F-0072-4B76-ABB1-3336381F001A}
		{748300F4-632C-4DFB-A64C-E70EA0CF53DC} = {812683F9-452D-4EC6-B881-5A4D5F76457C}
		{C41350BC-2FC5-4346-8ADE-328E13CFC60D} = {723F917F-0072-4B76-ABB1-3336381F001A}
		{C14A2470-7A1C-44EF-A504-F16BB850EED4} = {723F917F-0072-4B76-ABB1-3336381F001A}
		{DE83E736-47AC-475F-9DB8-8DDF22B70BF5} = {723F917F-0072-4B76-ABB1-3336381F001A}
		{4966CD90-DEDD-4A78-9F3F-01345AB72B27} = {812683F9-452D-4EC6-B881-5A4D5F76457C}
		{179C15FF-42C0-4D89-B1C9-3F47CF571D6B} = {723F917F-0072-4B76-ABB1-3336381F001A}
		{F476FE60-4037-4045-8495-D744E325192A} = {812683F9-452D-4EC6-B881-5A4D5F76457C}
		{20DE4C44-1DE5-4571-AD4E-744F63354370} = {723F917F-0072-4B76-ABB1-3336381F001A}
		{08B5A46F-B122-474C-9E9A-BBE3B050DB5F} = {812683F9-452D-4EC6-B881-5A4D5F76457C}
	EndGlobalSection
	GlobalSection(ExtensibilityGlobals) = postSolution
		SolutionGuid = {3A8402B2-70BA-4536-A879-04BB703D3D34}
	EndGlobalSection
EndGlobal
