<?xml version="1.0" encoding="utf-8"?>
<Project ToolsVersion="4.0" xmlns="http://schemas.microsoft.com/developer/msbuild/2003">
  <ItemGroup>
    <ClCompile Include="console.cpp" />
    <ClCompile Include="fs.cpp" />
    <ClCompile Include="main.cpp" />
    <ClCompile Include="jsctx.cpp" />
    <ClCompile Include="nativepointer.cpp" />
    <ClCompile Include="nethook.cpp" />
    <ClCompile Include="require.cpp" />
    <ClCompile Include="native.cpp" />
    <ClCompile Include="watcher.cpp" />
    <ClCompile Include="nativefile.cpp" />
    <ClCompile Include="sharedptr.cpp" />
    <ClCompile Include="networkidentifier.cpp" />
    <ClCompile Include="actor.cpp" />
    <ClCompile Include="staticpointer.cpp" />
    <ClCompile Include="nativemodule.cpp" />
    <ClCompile Include="nativetype.cpp" />
    <ClCompile Include="mcf.cpp" />
    <ClCompile Include="codewrite.cpp" />
    <ClCompile Include="reverse.cpp" />
    <ClCompile Include="nativecall.cpp" />
    <ClCompile Include="mariadb.cpp" />
    <ClCompile Include="webserver.cpp" />
    <ClCompile Include="encoding.cpp" />
  </ItemGroup>
  <ItemGroup>
    <ClInclude Include="console.h" />
    <ClInclude Include="fs.h" />
    <ClInclude Include="jsctx.h" />
    <ClInclude Include="nativepointer.h" />
    <ClInclude Include="nethook.h" />
    <ClInclude Include="resource.h" />
    <ClInclude Include="require.h" />
    <ClInclude Include="native.h" />
    <ClInclude Include="watcher.h" />
    <ClInclude Include="nativefile.h" />
    <ClInclude Include="sharedptr.h" />
    <ClInclude Include="networkidentifier.h" />
    <ClInclude Include="actor.h" />
    <ClInclude Include="staticpointer.h" />
    <ClInclude Include="common.h" />
    <ClInclude Include="nativemodule.h" />
    <ClInclude Include="nativetype.h" />
    <ClInclude Include="mcf.h" />
    <ClInclude Include="codewrite.h" />
    <ClInclude Include="reverse.h" />
    <ClInclude Include="nativecall.h" />
    <ClInclude Include="clear_regs.h" />
    <ClInclude Include="mariadb.h" />
    <ClInclude Include="webserver.h" />
    <ClInclude Include="encoding.h" />
  </ItemGroup>
  <ItemGroup>
    <Filter Include="src">
      <UniqueIdentifier>{08871211-b8f1-41aa-aa5e-a1cb363c3179}</UniqueIdentifier>
    </Filter>
    <Filter Include="src\library">
      <UniqueIdentifier>{66a27fae-afad-4cf1-926d-3dc1982731c5}</UniqueIdentifier>
    </Filter>
  </ItemGroup>
  <ItemGroup>
    <ResourceCompile Include="bdsx.rc" />
  </ItemGroup>
  <ItemGroup>
    <MASM Include="clear_regs.asm" />
  </ItemGroup>
  <ItemGroup>
    <CustomBuild Include="version.bat" />
  </ItemGroup>
</Project>