<?xml version="1.0" encoding="utf-8"?>
<Project ToolsVersion="4.0" xmlns="http://schemas.microsoft.com/developer/msbuild/2003">
  <ItemGroup>
    <Filter Include="Source Files">
      <UniqueIdentifier>{4FC737F1-C7A5-4376-A066-2A32D752A2FF}</UniqueIdentifier>
      <Extensions>cpp;c;cc;cxx;def;odl;idl;hpj;bat;asm;asmx</Extensions>
    </Filter>
    <Filter Include="Header Files">
      <UniqueIdentifier>{93995380-89BD-4b04-88EB-625FBE52EBFB}</UniqueIdentifier>
      <Extensions>h;hh;hpp;hxx;hm;inl;inc;ipp;xsd</Extensions>
    </Filter>
    <Filter Include="Resource Files">
      <UniqueIdentifier>{67DA6AB6-F800-4c08-8B7A-83BB121AAD01}</UniqueIdentifier>
      <Extensions>rc;ico;cur;bmp;dlg;rc2;rct;bin;rgs;gif;jpg;jpeg;jpe;resx;tiff;tif;png;wav;mfcribbon-ms</Extensions>
    </Filter>
    <Filter Include="src">
      <UniqueIdentifier>{e52c318f-c971-4e18-8501-91453ebfad2e}</UniqueIdentifier>
    </Filter>
  </ItemGroup>
  <ItemGroup>
    <None Include=".vscode\tasks.json" />
    <None Include="bdsx\index.ts" />
    <None Include="common.bat">
      <Filter>Source Files</Filter>
    </None>
    <None Include="bdsx\examples.ts" />
    <None Include="bdsx\test.ts" />
  </ItemGroup>
  <ItemGroup>
    <CustomBuild Include="bdsx\tsconfig.json" />
    <CustomBuild Include="bdsx\package.json" />
    <CustomBuild Include="bdsx.bat">
      <Filter>Source Files</Filter>
    </CustomBuild>
    <CustomBuild Include="packaging.bat">
      <Filter>Source Files</Filter>
    </CustomBuild>
    <CustomBuild Include="bdsx\package-lock.json" />
    <CustomBuild Include="download.bat">
      <Filter>Source Files</Filter>
    </CustomBuild>
    <CustomBuild Include="README.md" />
  </ItemGroup>
</Project>